
Microsoft Visual Studio Solution File, Format Version 12.00
# Visual Studio Version 17
VisualStudioVersion = 17.0.31903.59
MinimumVisualStudioVersion = 10.0.40219.1
Project("{FAE04EC0-301F-11D3-BF4B-00C04F79EFBC}") = "EarlyCompendium", "EarlyCompendium\EarlyCompendium.csproj", "{8226F104-7F7E-4087-9B57-EE05BAFB25C8}"
EndProject
Project("{FAE04EC0-301F-11D3-BF4B-00C04F79EFBC}") = "SkipAmalaMinigame", "SkipAmalaMinigame\SkipAmalaMinigame.csproj", "{D6A77336-E8ED-441F-82A0-AFB9B7E8203E}"
EndProject
Project("{FAE04EC0-301F-11D3-BF4B-00C04F79EFBC}") = "ModernPressTurns", "ModernPressTurns\ModernPressTurns.csproj", "{41BCF814-8796-4062-A46B-37A3350169BF}"
EndProject
Project("{FAE04EC0-301F-11D3-BF4B-00C04F79EFBC}") = "BuyGeis", "BuyGeis\BuyGeis.csproj", "{880086FC-A23B-4507-8FDA-210C4B38449E}"
EndProject
Project("{FAE04EC0-301F-11D3-BF4B-00C04F79EFBC}") = "BetterNewGamePlus", "BetterNewGamePlus\BetterNewGamePlus.csproj", "{8332B045-EC7A-4992-8918-C2F65092F82D}"
EndProject
Project("{FAE04EC0-301F-11D3-BF4B-00C04F79EFBC}") = "RepulseBellEveryShop", "RepulseBellEveryShop\RepulseBellEveryShop.csproj", "{B589366B-C4C6-4BCF-B709-C6A62AC04C6E}"
EndProject
Project("{FAE04EC0-301F-11D3-BF4B-00C04F79EFBC}") = "BuffedRepulseBell", "BuffedRepulseBell\BuffedRepulseBell.csproj", "{5DFB2C4E-40EB-4A5E-B13A-373D8EA66A0D}"
EndProject
Project("{FAE04EC0-301F-11D3-BF4B-00C04F79EFBC}") = "DisplayBuffs", "DisplayBuffs\DisplayBuffs.csproj", "{CFD14D88-C01E-430B-A0B3-B2B7B6940D5C}"
EndProject
Project("{FAE04EC0-301F-11D3-BF4B-00C04F79EFBC}") = "UncappedMagic", "UncappedMagic\UncappedMagic.csproj", "{0A831CBC-08AE-4757-933E-928D383C81C5}"
EndProject
Project("{FAE04EC0-301F-11D3-BF4B-00C04F79EFBC}") = "PiercingMagmaAxis", "PiercingMagmaAxis\PiercingMagmaAxis.csproj", "{6648B090-E306-4417-8A0A-39EB37412E57}"
EndProject
Project("{FAE04EC0-301F-11D3-BF4B-00C04F79EFBC}") = "InfiniteMagatamaSkills", "InfiniteMagatamaSkills\InfiniteMagatamaSkills.csproj", "{1C626E08-5C27-4BAE-A70C-7A36A5864A3F}"
EndProject
Project("{FAE04EC0-301F-11D3-BF4B-00C04F79EFBC}") = "OneMoreAllyPressTurn", "OneMoreAllyPressTurn\OneMoreAllyPressTurn.csproj", "{3F79F172-9A74-4F53-81D3-A8DDA36BD5D3}"
EndProject
Project("{FAE04EC0-301F-11D3-BF4B-00C04F79EFBC}") = "DisplayTrueLevel", "DisplayTrueLevel\DisplayTrueLevel.csproj", "{2087AFD6-F5A3-44A9-A695-045A9FC9CDA9}"
EndProject
Project("{FAE04EC0-301F-11D3-BF4B-00C04F79EFBC}") = "NoInterruptions", "NoInterruptions\NoInterruptions.csproj", "{AB818B93-7FB6-4848-9C29-4118B47D994F}"
EndProject
Project("{FAE04EC0-301F-11D3-BF4B-00C04F79EFBC}") = "HealEveryone", "HealEveryone\HealEveryone.csproj", "{6E72AF16-8CFF-475C-A82F-905B7AA04D3F}"
EndProject
Project("{FAE04EC0-301F-11D3-BF4B-00C04F79EFBC}") = "NormalPricesOnHard", "NormalPricesOnHard\NormalPricesOnHard.csproj", "{0C8FD903-A64D-40D5-A2FC-5D93D92ADB06}"
EndProject
Project("{FAE04EC0-301F-11D3-BF4B-00C04F79EFBC}") = "HourglassItem", "HourglassItem\HourglassItem.csproj", "{A0D13755-34E9-420C-B148-BE2F2E689BE7}"
EndProject
Project("{FAE04EC0-301F-11D3-BF4B-00C04F79EFBC}") = "FocusMagic", "FocusMagic\FocusMagic.csproj", "{91F45B90-BB32-4CD8-9CA4-F57F56768753}"
EndProject
Project("{FAE04EC0-301F-11D3-BF4B-00C04F79EFBC}") = "BuffedMindsEye", "BuffedMindsEye\BuffedMindsEye.csproj", "{49009F73-B148-485D-A808-B0B3E79F8497}"
EndProject
Project("{FAE04EC0-301F-11D3-BF4B-00C04F79EFBC}") = "AntiBecomesResist", "AntiBecomesResist\AntiBecomesResist.csproj", "{F6341AE2-4E00-4E62-AFF5-3BD7282FA22B}"
EndProject
Project("{FAE04EC0-301F-11D3-BF4B-00C04F79EFBC}") = "BuffedRecarm", "BuffedRecarm\BuffedRecarm.csproj", "{2092EF62-5947-4461-BC0F-4A48F67DAD60}"
EndProject
Project("{FAE04EC0-301F-11D3-BF4B-00C04F79EFBC}") = "InfiniteEnemyMp", "InfiniteEnemyMp\InfiniteEnemyMp.csproj", "{358E13D9-6B04-4D56-8B7C-A6A648F6A465}"
EndProject
Project("{FAE04EC0-301F-11D3-BF4B-00C04F79EFBC}") = "FiendsNerf", "FiendsNerf\FiendsNerf.csproj", "{92E6B5BA-DBF3-4615-B33D-B9A07BA91B1B}"
EndProject
Project("{FAE04EC0-301F-11D3-BF4B-00C04F79EFBC}") = "PierceWithoutTde", "PierceWithoutTde\PierceWithoutTde.csproj", "{D15351C7-6E8B-4C4F-AFA6-2B67D00FE791}"
EndProject
Project("{FAE04EC0-301F-11D3-BF4B-00C04F79EFBC}") = "DanteOnNewGamePlus", "DanteOnNewGamePlus\DanteOnNewGamePlus.csproj", "{BA6683A2-14FE-4421-9C4A-F89F3E0D248F}"
EndProject
Project("{FAE04EC0-301F-11D3-BF4B-00C04F79EFBC}") = "TruePierce", "TruePierce\TruePierce.csproj", "{41A8E410-AF4A-4FCF-8EEF-53939CBB0484}"
EndProject
Project("{FAE04EC0-301F-11D3-BF4B-00C04F79EFBC}") = "OneMoreEnemyPressTurn", "OneMoreEnemyPressTurn\OneMoreEnemyPressTurn.csproj", "{9472D143-80BD-4593-9D27-3185CC6047FA}"
EndProject
Project("{FAE04EC0-301F-11D3-BF4B-00C04F79EFBC}") = "NormalInstakillResistances", "NormalInstakillResistances\NormalInstakillResistances.csproj", "{01E845C6-4C74-464E-A49F-B9F6640BC078}"
EndProject
Project("{FAE04EC0-301F-11D3-BF4B-00C04F79EFBC}") = "CursedGospel", "CursedGospel\CursedGospel.csproj", "{83705DB3-053A-45BB-97F3-7A088E1FDCC4}"
EndProject
Project("{FAE04EC0-301F-11D3-BF4B-00C04F79EFBC}") = "ActuallyUniqueDanteRaidouSkills", "ActuallyUniqueDanteRaidouSkills\ActuallyUniqueDanteRaidouSkills.csproj", "{2143523B-0A61-4B97-AA26-316BE90C98A8}"
EndProject
Project("{FAE04EC0-301F-11D3-BF4B-00C04F79EFBC}") = "AnalyzeBosses", "AnalyzeBosses\AnalyzeBosses.csproj", "{45E48FF8-D0C3-42C7-8B73-7F12DD2D2795}"
EndProject
Project("{FAE04EC0-301F-11D3-BF4B-00C04F79EFBC}") = "FixedJavelinRainXerosBeat", "FixedJavelinRainXerosBeat\FixedJavelinRainXerosBeat.csproj", "{D0D0AE0A-B5C2-47AF-A0EE-F88E9274ADC3}"
EndProject
Project("{FAE04EC0-301F-11D3-BF4B-00C04F79EFBC}") = "DisplayFutureSkills", "DisplayFutureSkills\DisplayFutureSkills.csproj", "{042DD868-B7B3-4151-BA51-D3A26551B2F3}"
EndProject
Global
	GlobalSection(SolutionConfigurationPlatforms) = preSolution
		Debug|Any CPU = Debug|Any CPU
		Release|Any CPU = Release|Any CPU
	EndGlobalSection
	GlobalSection(SolutionProperties) = preSolution
		HideSolutionNode = FALSE
	EndGlobalSection
	GlobalSection(ProjectConfigurationPlatforms) = postSolution
		{8226F104-7F7E-4087-9B57-EE05BAFB25C8}.Debug|Any CPU.ActiveCfg = Debug|Any CPU
		{8226F104-7F7E-4087-9B57-EE05BAFB25C8}.Debug|Any CPU.Build.0 = Debug|Any CPU
		{8226F104-7F7E-4087-9B57-EE05BAFB25C8}.Release|Any CPU.ActiveCfg = Release|Any CPU
		{8226F104-7F7E-4087-9B57-EE05BAFB25C8}.Release|Any CPU.Build.0 = Release|Any CPU
		{D6A77336-E8ED-441F-82A0-AFB9B7E8203E}.Debug|Any CPU.ActiveCfg = Debug|Any CPU
		{D6A77336-E8ED-441F-82A0-AFB9B7E8203E}.Debug|Any CPU.Build.0 = Debug|Any CPU
		{D6A77336-E8ED-441F-82A0-AFB9B7E8203E}.Release|Any CPU.ActiveCfg = Release|Any CPU
		{D6A77336-E8ED-441F-82A0-AFB9B7E8203E}.Release|Any CPU.Build.0 = Release|Any CPU
		{41BCF814-8796-4062-A46B-37A3350169BF}.Debug|Any CPU.ActiveCfg = Debug|Any CPU
		{41BCF814-8796-4062-A46B-37A3350169BF}.Debug|Any CPU.Build.0 = Debug|Any CPU
		{41BCF814-8796-4062-A46B-37A3350169BF}.Release|Any CPU.ActiveCfg = Release|Any CPU
		{41BCF814-8796-4062-A46B-37A3350169BF}.Release|Any CPU.Build.0 = Release|Any CPU
		{880086FC-A23B-4507-8FDA-210C4B38449E}.Debug|Any CPU.ActiveCfg = Debug|Any CPU
		{880086FC-A23B-4507-8FDA-210C4B38449E}.Debug|Any CPU.Build.0 = Debug|Any CPU
		{880086FC-A23B-4507-8FDA-210C4B38449E}.Release|Any CPU.ActiveCfg = Release|Any CPU
		{880086FC-A23B-4507-8FDA-210C4B38449E}.Release|Any CPU.Build.0 = Release|Any CPU
		{8332B045-EC7A-4992-8918-C2F65092F82D}.Debug|Any CPU.ActiveCfg = Debug|Any CPU
		{8332B045-EC7A-4992-8918-C2F65092F82D}.Debug|Any CPU.Build.0 = Debug|Any CPU
		{8332B045-EC7A-4992-8918-C2F65092F82D}.Release|Any CPU.ActiveCfg = Release|Any CPU
		{8332B045-EC7A-4992-8918-C2F65092F82D}.Release|Any CPU.Build.0 = Release|Any CPU
		{B589366B-C4C6-4BCF-B709-C6A62AC04C6E}.Debug|Any CPU.ActiveCfg = Debug|Any CPU
		{B589366B-C4C6-4BCF-B709-C6A62AC04C6E}.Debug|Any CPU.Build.0 = Debug|Any CPU
		{B589366B-C4C6-4BCF-B709-C6A62AC04C6E}.Release|Any CPU.ActiveCfg = Release|Any CPU
		{B589366B-C4C6-4BCF-B709-C6A62AC04C6E}.Release|Any CPU.Build.0 = Release|Any CPU
		{5DFB2C4E-40EB-4A5E-B13A-373D8EA66A0D}.Debug|Any CPU.ActiveCfg = Debug|Any CPU
		{5DFB2C4E-40EB-4A5E-B13A-373D8EA66A0D}.Debug|Any CPU.Build.0 = Debug|Any CPU
		{5DFB2C4E-40EB-4A5E-B13A-373D8EA66A0D}.Release|Any CPU.ActiveCfg = Release|Any CPU
		{5DFB2C4E-40EB-4A5E-B13A-373D8EA66A0D}.Release|Any CPU.Build.0 = Release|Any CPU
		{CFD14D88-C01E-430B-A0B3-B2B7B6940D5C}.Debug|Any CPU.ActiveCfg = Debug|Any CPU
		{CFD14D88-C01E-430B-A0B3-B2B7B6940D5C}.Debug|Any CPU.Build.0 = Debug|Any CPU
		{CFD14D88-C01E-430B-A0B3-B2B7B6940D5C}.Release|Any CPU.ActiveCfg = Release|Any CPU
		{CFD14D88-C01E-430B-A0B3-B2B7B6940D5C}.Release|Any CPU.Build.0 = Release|Any CPU
		{0A831CBC-08AE-4757-933E-928D383C81C5}.Debug|Any CPU.ActiveCfg = Debug|Any CPU
		{0A831CBC-08AE-4757-933E-928D383C81C5}.Debug|Any CPU.Build.0 = Debug|Any CPU
		{0A831CBC-08AE-4757-933E-928D383C81C5}.Release|Any CPU.ActiveCfg = Release|Any CPU
		{0A831CBC-08AE-4757-933E-928D383C81C5}.Release|Any CPU.Build.0 = Release|Any CPU
		{6648B090-E306-4417-8A0A-39EB37412E57}.Debug|Any CPU.ActiveCfg = Debug|Any CPU
		{6648B090-E306-4417-8A0A-39EB37412E57}.Debug|Any CPU.Build.0 = Debug|Any CPU
		{6648B090-E306-4417-8A0A-39EB37412E57}.Release|Any CPU.ActiveCfg = Release|Any CPU
		{6648B090-E306-4417-8A0A-39EB37412E57}.Release|Any CPU.Build.0 = Release|Any CPU
		{1C626E08-5C27-4BAE-A70C-7A36A5864A3F}.Debug|Any CPU.ActiveCfg = Debug|Any CPU
		{1C626E08-5C27-4BAE-A70C-7A36A5864A3F}.Debug|Any CPU.Build.0 = Debug|Any CPU
		{1C626E08-5C27-4BAE-A70C-7A36A5864A3F}.Release|Any CPU.ActiveCfg = Release|Any CPU
		{1C626E08-5C27-4BAE-A70C-7A36A5864A3F}.Release|Any CPU.Build.0 = Release|Any CPU
		{3F79F172-9A74-4F53-81D3-A8DDA36BD5D3}.Debug|Any CPU.ActiveCfg = Debug|Any CPU
		{3F79F172-9A74-4F53-81D3-A8DDA36BD5D3}.Debug|Any CPU.Build.0 = Debug|Any CPU
		{3F79F172-9A74-4F53-81D3-A8DDA36BD5D3}.Release|Any CPU.ActiveCfg = Release|Any CPU
		{3F79F172-9A74-4F53-81D3-A8DDA36BD5D3}.Release|Any CPU.Build.0 = Release|Any CPU
		{2087AFD6-F5A3-44A9-A695-045A9FC9CDA9}.Debug|Any CPU.ActiveCfg = Debug|Any CPU
		{2087AFD6-F5A3-44A9-A695-045A9FC9CDA9}.Debug|Any CPU.Build.0 = Debug|Any CPU
		{2087AFD6-F5A3-44A9-A695-045A9FC9CDA9}.Release|Any CPU.ActiveCfg = Release|Any CPU
		{2087AFD6-F5A3-44A9-A695-045A9FC9CDA9}.Release|Any CPU.Build.0 = Release|Any CPU
		{AB818B93-7FB6-4848-9C29-4118B47D994F}.Debug|Any CPU.ActiveCfg = Debug|Any CPU
		{AB818B93-7FB6-4848-9C29-4118B47D994F}.Debug|Any CPU.Build.0 = Debug|Any CPU
		{AB818B93-7FB6-4848-9C29-4118B47D994F}.Release|Any CPU.ActiveCfg = Release|Any CPU
		{AB818B93-7FB6-4848-9C29-4118B47D994F}.Release|Any CPU.Build.0 = Release|Any CPU
		{6E72AF16-8CFF-475C-A82F-905B7AA04D3F}.Debug|Any CPU.ActiveCfg = Debug|Any CPU
		{6E72AF16-8CFF-475C-A82F-905B7AA04D3F}.Debug|Any CPU.Build.0 = Debug|Any CPU
		{6E72AF16-8CFF-475C-A82F-905B7AA04D3F}.Release|Any CPU.ActiveCfg = Release|Any CPU
		{6E72AF16-8CFF-475C-A82F-905B7AA04D3F}.Release|Any CPU.Build.0 = Release|Any CPU
		{0C8FD903-A64D-40D5-A2FC-5D93D92ADB06}.Debug|Any CPU.ActiveCfg = Debug|Any CPU
		{0C8FD903-A64D-40D5-A2FC-5D93D92ADB06}.Debug|Any CPU.Build.0 = Debug|Any CPU
		{0C8FD903-A64D-40D5-A2FC-5D93D92ADB06}.Release|Any CPU.ActiveCfg = Release|Any CPU
		{0C8FD903-A64D-40D5-A2FC-5D93D92ADB06}.Release|Any CPU.Build.0 = Release|Any CPU
		{A0D13755-34E9-420C-B148-BE2F2E689BE7}.Debug|Any CPU.ActiveCfg = Debug|Any CPU
		{A0D13755-34E9-420C-B148-BE2F2E689BE7}.Debug|Any CPU.Build.0 = Debug|Any CPU
		{A0D13755-34E9-420C-B148-BE2F2E689BE7}.Release|Any CPU.ActiveCfg = Release|Any CPU
		{A0D13755-34E9-420C-B148-BE2F2E689BE7}.Release|Any CPU.Build.0 = Release|Any CPU
		{91F45B90-BB32-4CD8-9CA4-F57F56768753}.Debug|Any CPU.ActiveCfg = Debug|Any CPU
		{91F45B90-BB32-4CD8-9CA4-F57F56768753}.Debug|Any CPU.Build.0 = Debug|Any CPU
		{91F45B90-BB32-4CD8-9CA4-F57F56768753}.Release|Any CPU.ActiveCfg = Release|Any CPU
		{91F45B90-BB32-4CD8-9CA4-F57F56768753}.Release|Any CPU.Build.0 = Release|Any CPU
		{49009F73-B148-485D-A808-B0B3E79F8497}.Debug|Any CPU.ActiveCfg = Debug|Any CPU
		{49009F73-B148-485D-A808-B0B3E79F8497}.Debug|Any CPU.Build.0 = Debug|Any CPU
		{49009F73-B148-485D-A808-B0B3E79F8497}.Release|Any CPU.ActiveCfg = Release|Any CPU
		{49009F73-B148-485D-A808-B0B3E79F8497}.Release|Any CPU.Build.0 = Release|Any CPU
		{F6341AE2-4E00-4E62-AFF5-3BD7282FA22B}.Debug|Any CPU.ActiveCfg = Debug|Any CPU
		{F6341AE2-4E00-4E62-AFF5-3BD7282FA22B}.Debug|Any CPU.Build.0 = Debug|Any CPU
		{F6341AE2-4E00-4E62-AFF5-3BD7282FA22B}.Release|Any CPU.ActiveCfg = Release|Any CPU
		{F6341AE2-4E00-4E62-AFF5-3BD7282FA22B}.Release|Any CPU.Build.0 = Release|Any CPU
		{2092EF62-5947-4461-BC0F-4A48F67DAD60}.Debug|Any CPU.ActiveCfg = Debug|Any CPU
		{2092EF62-5947-4461-BC0F-4A48F67DAD60}.Debug|Any CPU.Build.0 = Debug|Any CPU
		{2092EF62-5947-4461-BC0F-4A48F67DAD60}.Release|Any CPU.ActiveCfg = Release|Any CPU
		{2092EF62-5947-4461-BC0F-4A48F67DAD60}.Release|Any CPU.Build.0 = Release|Any CPU
		{358E13D9-6B04-4D56-8B7C-A6A648F6A465}.Debug|Any CPU.ActiveCfg = Debug|Any CPU
		{358E13D9-6B04-4D56-8B7C-A6A648F6A465}.Debug|Any CPU.Build.0 = Debug|Any CPU
		{358E13D9-6B04-4D56-8B7C-A6A648F6A465}.Release|Any CPU.ActiveCfg = Release|Any CPU
		{358E13D9-6B04-4D56-8B7C-A6A648F6A465}.Release|Any CPU.Build.0 = Release|Any CPU
		{92E6B5BA-DBF3-4615-B33D-B9A07BA91B1B}.Debug|Any CPU.ActiveCfg = Debug|Any CPU
		{92E6B5BA-DBF3-4615-B33D-B9A07BA91B1B}.Debug|Any CPU.Build.0 = Debug|Any CPU
		{92E6B5BA-DBF3-4615-B33D-B9A07BA91B1B}.Release|Any CPU.ActiveCfg = Release|Any CPU
		{92E6B5BA-DBF3-4615-B33D-B9A07BA91B1B}.Release|Any CPU.Build.0 = Release|Any CPU
		{D15351C7-6E8B-4C4F-AFA6-2B67D00FE791}.Debug|Any CPU.ActiveCfg = Debug|Any CPU
		{D15351C7-6E8B-4C4F-AFA6-2B67D00FE791}.Debug|Any CPU.Build.0 = Debug|Any CPU
		{D15351C7-6E8B-4C4F-AFA6-2B67D00FE791}.Release|Any CPU.ActiveCfg = Release|Any CPU
		{D15351C7-6E8B-4C4F-AFA6-2B67D00FE791}.Release|Any CPU.Build.0 = Release|Any CPU
		{BA6683A2-14FE-4421-9C4A-F89F3E0D248F}.Debug|Any CPU.ActiveCfg = Debug|Any CPU
		{BA6683A2-14FE-4421-9C4A-F89F3E0D248F}.Debug|Any CPU.Build.0 = Debug|Any CPU
		{BA6683A2-14FE-4421-9C4A-F89F3E0D248F}.Release|Any CPU.ActiveCfg = Release|Any CPU
		{BA6683A2-14FE-4421-9C4A-F89F3E0D248F}.Release|Any CPU.Build.0 = Release|Any CPU
		{41A8E410-AF4A-4FCF-8EEF-53939CBB0484}.Debug|Any CPU.ActiveCfg = Debug|Any CPU
		{41A8E410-AF4A-4FCF-8EEF-53939CBB0484}.Debug|Any CPU.Build.0 = Debug|Any CPU
		{41A8E410-AF4A-4FCF-8EEF-53939CBB0484}.Release|Any CPU.ActiveCfg = Release|Any CPU
		{41A8E410-AF4A-4FCF-8EEF-53939CBB0484}.Release|Any CPU.Build.0 = Release|Any CPU
		{9472D143-80BD-4593-9D27-3185CC6047FA}.Debug|Any CPU.ActiveCfg = Debug|Any CPU
		{9472D143-80BD-4593-9D27-3185CC6047FA}.Debug|Any CPU.Build.0 = Debug|Any CPU
		{9472D143-80BD-4593-9D27-3185CC6047FA}.Release|Any CPU.ActiveCfg = Release|Any CPU
		{9472D143-80BD-4593-9D27-3185CC6047FA}.Release|Any CPU.Build.0 = Release|Any CPU
		{01E845C6-4C74-464E-A49F-B9F6640BC078}.Debug|Any CPU.ActiveCfg = Debug|Any CPU
		{01E845C6-4C74-464E-A49F-B9F6640BC078}.Debug|Any CPU.Build.0 = Debug|Any CPU
		{01E845C6-4C74-464E-A49F-B9F6640BC078}.Release|Any CPU.ActiveCfg = Release|Any CPU
		{01E845C6-4C74-464E-A49F-B9F6640BC078}.Release|Any CPU.Build.0 = Release|Any CPU
		{83705DB3-053A-45BB-97F3-7A088E1FDCC4}.Debug|Any CPU.ActiveCfg = Debug|Any CPU
		{83705DB3-053A-45BB-97F3-7A088E1FDCC4}.Debug|Any CPU.Build.0 = Debug|Any CPU
		{83705DB3-053A-45BB-97F3-7A088E1FDCC4}.Release|Any CPU.ActiveCfg = Release|Any CPU
		{83705DB3-053A-45BB-97F3-7A088E1FDCC4}.Release|Any CPU.Build.0 = Release|Any CPU
		{2143523B-0A61-4B97-AA26-316BE90C98A8}.Debug|Any CPU.ActiveCfg = Debug|Any CPU
		{2143523B-0A61-4B97-AA26-316BE90C98A8}.Debug|Any CPU.Build.0 = Debug|Any CPU
		{2143523B-0A61-4B97-AA26-316BE90C98A8}.Release|Any CPU.ActiveCfg = Release|Any CPU
		{2143523B-0A61-4B97-AA26-316BE90C98A8}.Release|Any CPU.Build.0 = Release|Any CPU
		{45E48FF8-D0C3-42C7-8B73-7F12DD2D2795}.Debug|Any CPU.ActiveCfg = Debug|Any CPU
		{45E48FF8-D0C3-42C7-8B73-7F12DD2D2795}.Debug|Any CPU.Build.0 = Debug|Any CPU
		{45E48FF8-D0C3-42C7-8B73-7F12DD2D2795}.Release|Any CPU.ActiveCfg = Release|Any CPU
		{45E48FF8-D0C3-42C7-8B73-7F12DD2D2795}.Release|Any CPU.Build.0 = Release|Any CPU
		{D0D0AE0A-B5C2-47AF-A0EE-F88E9274ADC3}.Debug|Any CPU.ActiveCfg = Debug|Any CPU
		{D0D0AE0A-B5C2-47AF-A0EE-F88E9274ADC3}.Debug|Any CPU.Build.0 = Debug|Any CPU
		{D0D0AE0A-B5C2-47AF-A0EE-F88E9274ADC3}.Release|Any CPU.ActiveCfg = Release|Any CPU
		{D0D0AE0A-B5C2-47AF-A0EE-F88E9274ADC3}.Release|Any CPU.Build.0 = Release|Any CPU
		{042DD868-B7B3-4151-BA51-D3A26551B2F3}.Debug|Any CPU.ActiveCfg = Debug|Any CPU
		{042DD868-B7B3-4151-BA51-D3A26551B2F3}.Debug|Any CPU.Build.0 = Debug|Any CPU
		{042DD868-B7B3-4151-BA51-D3A26551B2F3}.Release|Any CPU.ActiveCfg = Release|Any CPU
		{042DD868-B7B3-4151-BA51-D3A26551B2F3}.Release|Any CPU.Build.0 = Release|Any CPU
	EndGlobalSection
EndGlobal
